
Microsoft Visual Studio Solution File, Format Version 12.00
# Visual Studio Version 17
VisualStudioVersion = 17.8.34330.188
MinimumVisualStudioVersion = 10.0.40219.1
Project("{9A19103F-16F7-4668-BE54-9A1E7A4F7556}") = "CafeHub", "CafeHub\CafeHub.csproj", "{62A18C2F-BBB4-4305-A0D5-29B4A2AD28B7}"
EndProject
Project("{FAE04EC0-301F-11D3-BF4B-00C04F79EFBC}") = "CHDesktop", "CHDesktop\CHDesktop.csproj", "{73ACAE9E-9748-4C66-B32C-FD1817D31D45}"
EndProject
Global
	GlobalSection(SolutionConfigurationPlatforms) = preSolution
		Debug|Any CPU = Debug|Any CPU
		Release|Any CPU = Release|Any CPU
	EndGlobalSection
	GlobalSection(ProjectConfigurationPlatforms) = postSolution
		{62A18C2F-BBB4-4305-A0D5-29B4A2AD28B7}.Debug|Any CPU.ActiveCfg = Debug|Any CPU
		{62A18C2F-BBB4-4305-A0D5-29B4A2AD28B7}.Debug|Any CPU.Build.0 = Debug|Any CPU
		{62A18C2F-BBB4-4305-A0D5-29B4A2AD28B7}.Release|Any CPU.ActiveCfg = Release|Any CPU
		{62A18C2F-BBB4-4305-A0D5-29B4A2AD28B7}.Release|Any CPU.Build.0 = Release|Any CPU
		{73ACAE9E-9748-4C66-B32C-FD1817D31D45}.Debug|Any CPU.ActiveCfg = Debug|Any CPU
		{73ACAE9E-9748-4C66-B32C-FD1817D31D45}.Debug|Any CPU.Build.0 = Debug|Any CPU
		{73ACAE9E-9748-4C66-B32C-FD1817D31D45}.Release|Any CPU.ActiveCfg = Release|Any CPU
		{73ACAE9E-9748-4C66-B32C-FD1817D31D45}.Release|Any CPU.Build.0 = Release|Any CPU
	EndGlobalSection
	GlobalSection(SolutionProperties) = preSolution
		HideSolutionNode = FALSE
	EndGlobalSection
	GlobalSection(ExtensibilityGlobals) = postSolution
		SolutionGuid = {652C83CE-DD61-4952-8BA9-909128033145}
	EndGlobalSection
EndGlobal
